
Microsoft Visual Studio Solution File, Format Version 12.00
# Visual Studio Version 16
VisualStudioVersion = 16.0.29215.179
MinimumVisualStudioVersion = 10.0.40219.1
Project("{9A19103F-16F7-4668-BE54-9A1E7A4F7556}") = "CoursAspNet", "CoursAspNet\CoursAspNet.csproj", "{733DFD94-B175-47AA-BDC4-EA3DCB443C41}"
EndProject
Project("{9A19103F-16F7-4668-BE54-9A1E7A4F7556}") = "Annuaire", "Annuaire\Annuaire.csproj", "{B9DF6C0D-C47B-4D60-8976-4038F1DFD381}"
EndProject
Project("{9A19103F-16F7-4668-BE54-9A1E7A4F7556}") = "ECommerce", "ECommerce\ECommerce.csproj", "{D61F17D0-B95D-42B2-9199-6ABF618CE158}"
EndProject
Project("{FAE04EC0-301F-11D3-BF4B-00C04F79EFBC}") = "convertimageToByte", "convertimageToByte\convertimageToByte.csproj", "{0741E82E-236F-494A-9B84-AD266E55A402}"
EndProject
Project("{9A19103F-16F7-4668-BE54-9A1E7A4F7556}") = "CoursAPI", "CoursAPI\CoursAPI.csproj", "{0DB486B6-45D6-4E53-AE13-D53161BB2BFE}"
EndProject
Project("{9A19103F-16F7-4668-BE54-9A1E7A4F7556}") = "CoursAngularApiRest", "CoursAngularApiRest\CoursAngularApiRest.csproj", "{3126467C-24C2-4279-9087-9ECD71A87CF0}"
EndProject
Global
	GlobalSection(SolutionConfigurationPlatforms) = preSolution
		Debug|Any CPU = Debug|Any CPU
		Release|Any CPU = Release|Any CPU
	EndGlobalSection
	GlobalSection(ProjectConfigurationPlatforms) = postSolution
		{733DFD94-B175-47AA-BDC4-EA3DCB443C41}.Debug|Any CPU.ActiveCfg = Debug|Any CPU
		{733DFD94-B175-47AA-BDC4-EA3DCB443C41}.Debug|Any CPU.Build.0 = Debug|Any CPU
		{733DFD94-B175-47AA-BDC4-EA3DCB443C41}.Release|Any CPU.ActiveCfg = Release|Any CPU
		{733DFD94-B175-47AA-BDC4-EA3DCB443C41}.Release|Any CPU.Build.0 = Release|Any CPU
		{B9DF6C0D-C47B-4D60-8976-4038F1DFD381}.Debug|Any CPU.ActiveCfg = Debug|Any CPU
		{B9DF6C0D-C47B-4D60-8976-4038F1DFD381}.Debug|Any CPU.Build.0 = Debug|Any CPU
		{B9DF6C0D-C47B-4D60-8976-4038F1DFD381}.Release|Any CPU.ActiveCfg = Release|Any CPU
		{B9DF6C0D-C47B-4D60-8976-4038F1DFD381}.Release|Any CPU.Build.0 = Release|Any CPU
		{D61F17D0-B95D-42B2-9199-6ABF618CE158}.Debug|Any CPU.ActiveCfg = Debug|Any CPU
		{D61F17D0-B95D-42B2-9199-6ABF618CE158}.Debug|Any CPU.Build.0 = Debug|Any CPU
		{D61F17D0-B95D-42B2-9199-6ABF618CE158}.Release|Any CPU.ActiveCfg = Release|Any CPU
		{D61F17D0-B95D-42B2-9199-6ABF618CE158}.Release|Any CPU.Build.0 = Release|Any CPU
		{0741E82E-236F-494A-9B84-AD266E55A402}.Debug|Any CPU.ActiveCfg = Debug|Any CPU
		{0741E82E-236F-494A-9B84-AD266E55A402}.Debug|Any CPU.Build.0 = Debug|Any CPU
		{0741E82E-236F-494A-9B84-AD266E55A402}.Release|Any CPU.ActiveCfg = Release|Any CPU
		{0741E82E-236F-494A-9B84-AD266E55A402}.Release|Any CPU.Build.0 = Release|Any CPU
		{0DB486B6-45D6-4E53-AE13-D53161BB2BFE}.Debug|Any CPU.ActiveCfg = Debug|Any CPU
		{0DB486B6-45D6-4E53-AE13-D53161BB2BFE}.Debug|Any CPU.Build.0 = Debug|Any CPU
		{0DB486B6-45D6-4E53-AE13-D53161BB2BFE}.Release|Any CPU.ActiveCfg = Release|Any CPU
		{0DB486B6-45D6-4E53-AE13-D53161BB2BFE}.Release|Any CPU.Build.0 = Release|Any CPU
		{3126467C-24C2-4279-9087-9ECD71A87CF0}.Debug|Any CPU.ActiveCfg = Debug|Any CPU
		{3126467C-24C2-4279-9087-9ECD71A87CF0}.Debug|Any CPU.Build.0 = Debug|Any CPU
		{3126467C-24C2-4279-9087-9ECD71A87CF0}.Release|Any CPU.ActiveCfg = Release|Any CPU
		{3126467C-24C2-4279-9087-9ECD71A87CF0}.Release|Any CPU.Build.0 = Release|Any CPU
	EndGlobalSection
	GlobalSection(SolutionProperties) = preSolution
		HideSolutionNode = FALSE
	EndGlobalSection
	GlobalSection(ExtensibilityGlobals) = postSolution
		SolutionGuid = {B7014496-9FB9-4085-8227-A00BDBD1151F}
	EndGlobalSection
EndGlobal
